
Microsoft Visual Studio Solution File, Format Version 12.00
Project("{FAE04EC0-301F-11D3-BF4B-00C04F79EFBC}") = "DiophantineEquationsSystemSolverCSharp", "DiophantineEquationsSystemSolverCSharp\DiophantineEquationsSystemSolverCSharp.csproj", "{3E2AFFA6-7B48-40A8-BD54-289873201A9B}"
EndProject
Global
	GlobalSection(SolutionConfigurationPlatforms) = preSolution
		Debug|Any CPU = Debug|Any CPU
		Release|Any CPU = Release|Any CPU
	EndGlobalSection
	GlobalSection(ProjectConfigurationPlatforms) = postSolution
		{3E2AFFA6-7B48-40A8-BD54-289873201A9B}.Debug|Any CPU.ActiveCfg = Debug|Any CPU
		{3E2AFFA6-7B48-40A8-BD54-289873201A9B}.Debug|Any CPU.Build.0 = Debug|Any CPU
		{3E2AFFA6-7B48-40A8-BD54-289873201A9B}.Release|Any CPU.ActiveCfg = Release|Any CPU
		{3E2AFFA6-7B48-40A8-BD54-289873201A9B}.Release|Any CPU.Build.0 = Release|Any CPU
	EndGlobalSection
EndGlobal
